
Microsoft Visual Studio Solution File, Format Version 12.00
# Visual Studio Version 16
VisualStudioVersion = 16.0.29201.188
MinimumVisualStudioVersion = 10.0.40219.1
Project("{9A19103F-16F7-4668-BE54-9A1E7A4F7556}") = "Library", "Library\Library.csproj", "{F5A98CFD-5B7B-4B23-A96E-C984ECEF5A49}"
EndProject
Project("{9A19103F-16F7-4668-BE54-9A1E7A4F7556}") = "CLI", "CLI\CLI.csproj", "{724DAF17-95AB-4AFE-954E-DDAB18840F13}"
EndProject
Project("{9A19103F-16F7-4668-BE54-9A1E7A4F7556}") = "GUI", "GUI\GUI.csproj", "{9F27EA03-6F92-4696-B1AF-AE08405DF971}"
EndProject
Project("{9A19103F-16F7-4668-BE54-9A1E7A4F7556}") = "LCUSharp", "LCUSharp\LCUSharp.csproj", "{FFC9ADFB-7FCF-46F8-9AB8-9F04F6C0D432}"
EndProject
Global
	GlobalSection(SolutionConfigurationPlatforms) = preSolution
		Debug|Any CPU = Debug|Any CPU
		Release|Any CPU = Release|Any CPU
	EndGlobalSection
	GlobalSection(ProjectConfigurationPlatforms) = postSolution
		{F5A98CFD-5B7B-4B23-A96E-C984ECEF5A49}.Debug|Any CPU.ActiveCfg = Debug|Any CPU
		{F5A98CFD-5B7B-4B23-A96E-C984ECEF5A49}.Debug|Any CPU.Build.0 = Debug|Any CPU
		{F5A98CFD-5B7B-4B23-A96E-C984ECEF5A49}.Release|Any CPU.ActiveCfg = Release|Any CPU
		{F5A98CFD-5B7B-4B23-A96E-C984ECEF5A49}.Release|Any CPU.Build.0 = Release|Any CPU
		{724DAF17-95AB-4AFE-954E-DDAB18840F13}.Debug|Any CPU.ActiveCfg = Debug|Any CPU
		{724DAF17-95AB-4AFE-954E-DDAB18840F13}.Debug|Any CPU.Build.0 = Debug|Any CPU
		{724DAF17-95AB-4AFE-954E-DDAB18840F13}.Release|Any CPU.ActiveCfg = Release|Any CPU
		{724DAF17-95AB-4AFE-954E-DDAB18840F13}.Release|Any CPU.Build.0 = Release|Any CPU
		{9F27EA03-6F92-4696-B1AF-AE08405DF971}.Debug|Any CPU.ActiveCfg = Debug|Any CPU
		{9F27EA03-6F92-4696-B1AF-AE08405DF971}.Debug|Any CPU.Build.0 = Debug|Any CPU
		{9F27EA03-6F92-4696-B1AF-AE08405DF971}.Release|Any CPU.ActiveCfg = Release|Any CPU
		{9F27EA03-6F92-4696-B1AF-AE08405DF971}.Release|Any CPU.Build.0 = Release|Any CPU
		{FFC9ADFB-7FCF-46F8-9AB8-9F04F6C0D432}.Debug|Any CPU.ActiveCfg = Debug|Any CPU
		{FFC9ADFB-7FCF-46F8-9AB8-9F04F6C0D432}.Debug|Any CPU.Build.0 = Debug|Any CPU
		{FFC9ADFB-7FCF-46F8-9AB8-9F04F6C0D432}.Release|Any CPU.ActiveCfg = Release|Any CPU
		{FFC9ADFB-7FCF-46F8-9AB8-9F04F6C0D432}.Release|Any CPU.Build.0 = Release|Any CPU
	EndGlobalSection
	GlobalSection(SolutionProperties) = preSolution
		HideSolutionNode = FALSE
	EndGlobalSection
	GlobalSection(ExtensibilityGlobals) = postSolution
		SolutionGuid = {7A02178A-DF70-4FB7-AAFE-51CE44C4EF03}
	EndGlobalSection
EndGlobal
